
Microsoft Visual Studio Solution File, Format Version 12.00
# Visual Studio Version 17
VisualStudioVersion = 17.2.32616.157
MinimumVisualStudioVersion = 10.0.40219.1
Project("{FAE04EC0-301F-11D3-BF4B-00C04F79EFBC}") = "web-api-authentication", "web-api-authentication\web-api-authentication.csproj", "{5FC27A84-92A5-47FF-9F6C-0DE1EB6C69FF}"
EndProject
Global
	GlobalSection(SolutionConfigurationPlatforms) = preSolution
		Debug|Any CPU = Debug|Any CPU
		Release|Any CPU = Release|Any CPU
	EndGlobalSection
	GlobalSection(ProjectConfigurationPlatforms) = postSolution
		{5FC27A84-92A5-47FF-9F6C-0DE1EB6C69FF}.Debug|Any CPU.ActiveCfg = Debug|Any CPU
		{5FC27A84-92A5-47FF-9F6C-0DE1EB6C69FF}.Debug|Any CPU.Build.0 = Debug|Any CPU
		{5FC27A84-92A5-47FF-9F6C-0DE1EB6C69FF}.Release|Any CPU.ActiveCfg = Release|Any CPU
		{5FC27A84-92A5-47FF-9F6C-0DE1EB6C69FF}.Release|Any CPU.Build.0 = Release|Any CPU
	EndGlobalSection
	GlobalSection(SolutionProperties) = preSolution
		HideSolutionNode = FALSE
	EndGlobalSection
	GlobalSection(ExtensibilityGlobals) = postSolution
		SolutionGuid = {08F5D470-E41E-49A6-B0BD-4B3612B7C578}
	EndGlobalSection
EndGlobal
